
Microsoft Visual Studio Solution File, Format Version 12.00
# Visual Studio Version 17
VisualStudioVersion = 17.5.33414.496
MinimumVisualStudioVersion = 10.0.40219.1
Project("{FAE04EC0-301F-11D3-BF4B-00C04F79EFBC}") = "MyKantin", "MyKantin\MyKantin.csproj", "{90D1D94C-8EC7-4D92-BCA5-1D6B0B77FB0C}"
EndProject
Global
	GlobalSection(SolutionConfigurationPlatforms) = preSolution
		Debug|Any CPU = Debug|Any CPU
		Release|Any CPU = Release|Any CPU
	EndGlobalSection
	GlobalSection(ProjectConfigurationPlatforms) = postSolution
		{90D1D94C-8EC7-4D92-BCA5-1D6B0B77FB0C}.Debug|Any CPU.ActiveCfg = Debug|Any CPU
		{90D1D94C-8EC7-4D92-BCA5-1D6B0B77FB0C}.Debug|Any CPU.Build.0 = Debug|Any CPU
		{90D1D94C-8EC7-4D92-BCA5-1D6B0B77FB0C}.Release|Any CPU.ActiveCfg = Release|Any CPU
		{90D1D94C-8EC7-4D92-BCA5-1D6B0B77FB0C}.Release|Any CPU.Build.0 = Release|Any CPU
	EndGlobalSection
	GlobalSection(SolutionProperties) = preSolution
		HideSolutionNode = FALSE
	EndGlobalSection
	GlobalSection(ExtensibilityGlobals) = postSolution
		SolutionGuid = {D646C07A-B9B4-4BD2-965C-DBFEE607B5BE}
	EndGlobalSection
EndGlobal
